<Solution>
  <Folder Name="/build/">
    <Project Path="Build/Build.csproj">
      <Build Solution="Debug|*" Project="false" />
    </Project>
  </Folder>
  <Folder Name="/SolutionItems/">
    <File Path=".editorconfig" />
    <File Path=".gitignore" />
    <File Path="Directory.Build.props" />
    <File Path="Directory.Packages.props" />
    <File Path="README.md" />
  </Folder>
  <Folder Name="/src/">
    <Project Path="src/TedToolkit.FileSystem/TedToolkit.FileSystem.csproj" />
  </Folder>
  <Folder Name="/tests/">
    <Project Path="tests/TedToolkit.FileSystem.Tests/TedToolkit.FileSystem.Tests.csproj" />
  </Folder>
</Solution>
